
Microsoft Visual Studio Solution File, Format Version 12.00
# Visual Studio Version 17
VisualStudioVersion = 17.2.32526.322
MinimumVisualStudioVersion = 10.0.40219.1
Project("{FAE04EC0-301F-11D3-BF4B-00C04F79EFBC}") = "Serial protocol", "Serial protocol\Serial protocol.csproj", "{2DF08CC8-9E8C-4584-9DA0-495509927810}"
EndProject
Project("{FAE04EC0-301F-11D3-BF4B-00C04F79EFBC}") = "ControlExtensions", "Serial protocol\Controls\ControlExtensions.csproj", "{F86BA618-3003-410F-B0C2-031C7DC76F4D}"
EndProject
Global
	GlobalSection(SolutionConfigurationPlatforms) = preSolution
		Debug|Any CPU = Debug|Any CPU
		Release|Any CPU = Release|Any CPU
	EndGlobalSection
	GlobalSection(ProjectConfigurationPlatforms) = postSolution
		{2DF08CC8-9E8C-4584-9DA0-495509927810}.Debug|Any CPU.ActiveCfg = Debug|Any CPU
		{2DF08CC8-9E8C-4584-9DA0-495509927810}.Debug|Any CPU.Build.0 = Debug|Any CPU
		{2DF08CC8-9E8C-4584-9DA0-495509927810}.Release|Any CPU.ActiveCfg = Release|Any CPU
		{2DF08CC8-9E8C-4584-9DA0-495509927810}.Release|Any CPU.Build.0 = Release|Any CPU
		{F86BA618-3003-410F-B0C2-031C7DC76F4D}.Debug|Any CPU.ActiveCfg = Debug|Any CPU
		{F86BA618-3003-410F-B0C2-031C7DC76F4D}.Debug|Any CPU.Build.0 = Debug|Any CPU
		{F86BA618-3003-410F-B0C2-031C7DC76F4D}.Release|Any CPU.ActiveCfg = Release|Any CPU
		{F86BA618-3003-410F-B0C2-031C7DC76F4D}.Release|Any CPU.Build.0 = Release|Any CPU
	EndGlobalSection
	GlobalSection(SolutionProperties) = preSolution
		HideSolutionNode = FALSE
	EndGlobalSection
	GlobalSection(ExtensibilityGlobals) = postSolution
		SolutionGuid = {CC7A34AE-A487-4B11-AE81-54151C27CD50}
	EndGlobalSection
EndGlobal
